
Microsoft Visual Studio Solution File, Format Version 12.00
# Visual Studio Version 17
VisualStudioVersion = 17.4.33122.133
MinimumVisualStudioVersion = 10.0.40219.1
Project("{FAE04EC0-301F-11D3-BF4B-00C04F79EFBC}") = "VineforceAPIDemoTest", "VineforceAPIDemoTest\VineforceAPIDemoTest.csproj", "{B9C185A4-FEAD-46C4-AB70-F554C11D959A}"
EndProject
Global
	GlobalSection(SolutionConfigurationPlatforms) = preSolution
		Debug|Any CPU = Debug|Any CPU
		Release|Any CPU = Release|Any CPU
	EndGlobalSection
	GlobalSection(ProjectConfigurationPlatforms) = postSolution
		{B9C185A4-FEAD-46C4-AB70-F554C11D959A}.Debug|Any CPU.ActiveCfg = Debug|Any CPU
		{B9C185A4-FEAD-46C4-AB70-F554C11D959A}.Debug|Any CPU.Build.0 = Debug|Any CPU
		{B9C185A4-FEAD-46C4-AB70-F554C11D959A}.Release|Any CPU.ActiveCfg = Release|Any CPU
		{B9C185A4-FEAD-46C4-AB70-F554C11D959A}.Release|Any CPU.Build.0 = Release|Any CPU
	EndGlobalSection
	GlobalSection(SolutionProperties) = preSolution
		HideSolutionNode = FALSE
	EndGlobalSection
	GlobalSection(ExtensibilityGlobals) = postSolution
		SolutionGuid = {20C0EA3A-7A03-4B10-996C-10CE2D52B61C}
	EndGlobalSection
EndGlobal
